
Microsoft Visual Studio Solution File, Format Version 12.00
# Visual Studio Version 17
VisualStudioVersion = 17.0.32014.148
MinimumVisualStudioVersion = 10.0.40219.1
Project("{FAE04EC0-301F-11D3-BF4B-00C04F79EFBC}") = "LINQ", "LINQ\LINQ.csproj", "{960410DB-47E7-4DB0-9300-40F0A5977435}"
EndProject
Global
	GlobalSection(SolutionConfigurationPlatforms) = preSolution
		Debug|Any CPU = Debug|Any CPU
		Release|Any CPU = Release|Any CPU
	EndGlobalSection
	GlobalSection(ProjectConfigurationPlatforms) = postSolution
		{960410DB-47E7-4DB0-9300-40F0A5977435}.Debug|Any CPU.ActiveCfg = Debug|Any CPU
		{960410DB-47E7-4DB0-9300-40F0A5977435}.Debug|Any CPU.Build.0 = Debug|Any CPU
		{960410DB-47E7-4DB0-9300-40F0A5977435}.Release|Any CPU.ActiveCfg = Release|Any CPU
		{960410DB-47E7-4DB0-9300-40F0A5977435}.Release|Any CPU.Build.0 = Release|Any CPU
	EndGlobalSection
	GlobalSection(SolutionProperties) = preSolution
		HideSolutionNode = FALSE
	EndGlobalSection
	GlobalSection(ExtensibilityGlobals) = postSolution
		SolutionGuid = {535A3E5E-3B56-45BE-9C9B-02CE47BC7D77}
	EndGlobalSection
EndGlobal
