
Microsoft Visual Studio Solution File, Format Version 12.00
# Visual Studio Version 17
VisualStudioVersion = 17.0.32014.148
MinimumVisualStudioVersion = 10.0.40219.1
Project("{FAE04EC0-301F-11D3-BF4B-00C04F79EFBC}") = "Datos", "Datos\Datos.csproj", "{D52BFC3F-C157-486C-A20C-B111D096E3B8}"
	ProjectSection(ProjectDependencies) = postProject
		{2B1A8AAC-82D1-40AD-9C25-AE4089FB32B3} = {2B1A8AAC-82D1-40AD-9C25-AE4089FB32B3}
	EndProjectSection
EndProject
Project("{FAE04EC0-301F-11D3-BF4B-00C04F79EFBC}") = "Entidades", "Entidades\Entidades.csproj", "{2B1A8AAC-82D1-40AD-9C25-AE4089FB32B3}"
EndProject
Project("{FAE04EC0-301F-11D3-BF4B-00C04F79EFBC}") = "Negocio", "Negocio\Negocio.csproj", "{C64A4980-A973-431A-93C6-FC106301EB2C}"
	ProjectSection(ProjectDependencies) = postProject
		{D52BFC3F-C157-486C-A20C-B111D096E3B8} = {D52BFC3F-C157-486C-A20C-B111D096E3B8}
		{2B1A8AAC-82D1-40AD-9C25-AE4089FB32B3} = {2B1A8AAC-82D1-40AD-9C25-AE4089FB32B3}
	EndProjectSection
EndProject
Project("{FAE04EC0-301F-11D3-BF4B-00C04F79EFBC}") = "Presentacion", "Presentacion\Presentacion.csproj", "{51BE8386-51D7-4CB1-BEA6-FFC8F5BA1466}"
	ProjectSection(ProjectDependencies) = postProject
		{C64A4980-A973-431A-93C6-FC106301EB2C} = {C64A4980-A973-431A-93C6-FC106301EB2C}
		{2B1A8AAC-82D1-40AD-9C25-AE4089FB32B3} = {2B1A8AAC-82D1-40AD-9C25-AE4089FB32B3}
	EndProjectSection
EndProject
Global
	GlobalSection(SolutionConfigurationPlatforms) = preSolution
		Debug|Any CPU = Debug|Any CPU
		Release|Any CPU = Release|Any CPU
	EndGlobalSection
	GlobalSection(ProjectConfigurationPlatforms) = postSolution
		{D52BFC3F-C157-486C-A20C-B111D096E3B8}.Debug|Any CPU.ActiveCfg = Debug|Any CPU
		{D52BFC3F-C157-486C-A20C-B111D096E3B8}.Debug|Any CPU.Build.0 = Debug|Any CPU
		{D52BFC3F-C157-486C-A20C-B111D096E3B8}.Release|Any CPU.ActiveCfg = Release|Any CPU
		{D52BFC3F-C157-486C-A20C-B111D096E3B8}.Release|Any CPU.Build.0 = Release|Any CPU
		{2B1A8AAC-82D1-40AD-9C25-AE4089FB32B3}.Debug|Any CPU.ActiveCfg = Debug|Any CPU
		{2B1A8AAC-82D1-40AD-9C25-AE4089FB32B3}.Debug|Any CPU.Build.0 = Debug|Any CPU
		{2B1A8AAC-82D1-40AD-9C25-AE4089FB32B3}.Release|Any CPU.ActiveCfg = Release|Any CPU
		{2B1A8AAC-82D1-40AD-9C25-AE4089FB32B3}.Release|Any CPU.Build.0 = Release|Any CPU
		{C64A4980-A973-431A-93C6-FC106301EB2C}.Debug|Any CPU.ActiveCfg = Debug|Any CPU
		{C64A4980-A973-431A-93C6-FC106301EB2C}.Debug|Any CPU.Build.0 = Debug|Any CPU
		{C64A4980-A973-431A-93C6-FC106301EB2C}.Release|Any CPU.ActiveCfg = Release|Any CPU
		{C64A4980-A973-431A-93C6-FC106301EB2C}.Release|Any CPU.Build.0 = Release|Any CPU
		{51BE8386-51D7-4CB1-BEA6-FFC8F5BA1466}.Debug|Any CPU.ActiveCfg = Debug|Any CPU
		{51BE8386-51D7-4CB1-BEA6-FFC8F5BA1466}.Debug|Any CPU.Build.0 = Debug|Any CPU
		{51BE8386-51D7-4CB1-BEA6-FFC8F5BA1466}.Release|Any CPU.ActiveCfg = Release|Any CPU
		{51BE8386-51D7-4CB1-BEA6-FFC8F5BA1466}.Release|Any CPU.Build.0 = Release|Any CPU
	EndGlobalSection
	GlobalSection(SolutionProperties) = preSolution
		HideSolutionNode = FALSE
	EndGlobalSection
	GlobalSection(ExtensibilityGlobals) = postSolution
		SolutionGuid = {FF894048-D671-4CE7-AE7D-D4F88E281BF9}
	EndGlobalSection
EndGlobal
